{
  "requires": true,
  "lockfileVersion": 1,
  "dependencies": {
    "@element-plus/icons-vue": {
      "version": "1.1.4",
      "resolved": "https://registry.npmjs.org/@element-plus/icons-vue/-/icons-vue-1.1.4.tgz",
      "integrity": "sha512-Iz/nHqdp1sFPmdzRwHkEQQA3lKvoObk8azgABZ81QUOpW9s/lUyQVUSh0tNtEPZXQlKwlSh7SPgoVxzrE0uuVQ=="
    }
  }
}
